
Microsoft Visual Studio Solution File, Format Version 12.00
# Visual Studio Version 17
VisualStudioVersion = 17.10.35013.160
MinimumVisualStudioVersion = 10.0.40219.1
Project("{FAE04EC0-301F-11D3-BF4B-00C04F79EFBC}") = "fib", "fib\fib.csproj", "{408EB123-C768-4BF9-8673-C1D4A993CD13}"
EndProject
Global
	GlobalSection(SolutionConfigurationPlatforms) = preSolution
		Debug|Any CPU = Debug|Any CPU
		Release|Any CPU = Release|Any CPU
	EndGlobalSection
	GlobalSection(ProjectConfigurationPlatforms) = postSolution
		{408EB123-C768-4BF9-8673-C1D4A993CD13}.Debug|Any CPU.ActiveCfg = Debug|Any CPU
		{408EB123-C768-4BF9-8673-C1D4A993CD13}.Debug|Any CPU.Build.0 = Debug|Any CPU
		{408EB123-C768-4BF9-8673-C1D4A993CD13}.Release|Any CPU.ActiveCfg = Release|Any CPU
		{408EB123-C768-4BF9-8673-C1D4A993CD13}.Release|Any CPU.Build.0 = Release|Any CPU
	EndGlobalSection
	GlobalSection(SolutionProperties) = preSolution
		HideSolutionNode = FALSE
	EndGlobalSection
	GlobalSection(ExtensibilityGlobals) = postSolution
		SolutionGuid = {A17219D2-8EE0-4FFC-965B-091631EFD05A}
	EndGlobalSection
EndGlobal
